
Microsoft Visual Studio Solution File, Format Version 12.00
# Visual Studio Version 16
VisualStudioVersion = 16.0.31613.86
MinimumVisualStudioVersion = 10.0.40219.1
Project("{888888A0-9F3D-457C-B088-3A5042F75D52}") = "Seila", "Seila.pyproj", "{019CC90F-DC8A-48E4-ADDF-033D363D267E}"
EndProject
Global
	GlobalSection(SolutionConfigurationPlatforms) = preSolution
		Debug|Any CPU = Debug|Any CPU
		Release|Any CPU = Release|Any CPU
	EndGlobalSection
	GlobalSection(ProjectConfigurationPlatforms) = postSolution
		{019CC90F-DC8A-48E4-ADDF-033D363D267E}.Debug|Any CPU.ActiveCfg = Debug|Any CPU
		{019CC90F-DC8A-48E4-ADDF-033D363D267E}.Release|Any CPU.ActiveCfg = Release|Any CPU
	EndGlobalSection
	GlobalSection(SolutionProperties) = preSolution
		HideSolutionNode = FALSE
	EndGlobalSection
	GlobalSection(ExtensibilityGlobals) = postSolution
		SolutionGuid = {52E9CB9A-4A97-4043-B928-7063E1512092}
	EndGlobalSection
EndGlobal
